// !$*UTF8*$!
{
	archiveVersion = 1;
	classes = {
	};
	objectVersion = 56;
	objects = {

/* Begin PBXBuildFile section */
		E11EE2F72A7489AB004D43F4 /* UploadViewController.swift in Sources */ = {isa = PBXBuildFile; fileRef = E11EE2F62A7489AB004D43F4 /* UploadViewController.swift */; };
		E11EE2FA2A75E8D3004D43F4 /* SDWebImage in Frameworks */ = {isa = PBXBuildFile; productRef = E11EE2F92A75E8D3004D43F4 /* SDWebImage */; };
		E12D57D72A6B3FD600D556EF /* PrimaryButton.swift in Sources */ = {isa = PBXBuildFile; fileRef = E12D57D62A6B3FD600D556EF /* PrimaryButton.swift */; };
		E12D57D92A6C055200D556EF /* GoogleService-Info.plist in Resources */ = {isa = PBXBuildFile; fileRef = E12D57D82A6C055200D556EF /* GoogleService-Info.plist */; };
		E12D57DC2A6C061200D556EF /* FirebaseAuth in Frameworks */ = {isa = PBXBuildFile; productRef = E12D57DB2A6C061200D556EF /* FirebaseAuth */; };
		E12D57DE2A6C061200D556EF /* FirebaseDatabase in Frameworks */ = {isa = PBXBuildFile; productRef = E12D57DD2A6C061200D556EF /* FirebaseDatabase */; };
		E12D57E02A6C061200D556EF /* FirebaseMessaging in Frameworks */ = {isa = PBXBuildFile; productRef = E12D57DF2A6C061200D556EF /* FirebaseMessaging */; };
		E12D57E22A6C061200D556EF /* FirebaseStorage in Frameworks */ = {isa = PBXBuildFile; productRef = E12D57E12A6C061200D556EF /* FirebaseStorage */; };
		E12D58042A6CAE6700D556EF /* Extension+UIColor.swift in Sources */ = {isa = PBXBuildFile; fileRef = E12D58032A6CAE6700D556EF /* Extension+UIColor.swift */; };
		E12D58252A6E74EE00D556EF /* Extension+UIViewController.swift in Sources */ = {isa = PBXBuildFile; fileRef = E12D58242A6E74EE00D556EF /* Extension+UIViewController.swift */; };
		E13089A82A69EDB600C1889D /* AppDelegate.swift in Sources */ = {isa = PBXBuildFile; fileRef = E13089A72A69EDB600C1889D /* AppDelegate.swift */; };
		E13089AA2A69EDB600C1889D /* SceneDelegate.swift in Sources */ = {isa = PBXBuildFile; fileRef = E13089A92A69EDB600C1889D /* SceneDelegate.swift */; };
		E13089AF2A69EDB600C1889D /* Main.storyboard in Resources */ = {isa = PBXBuildFile; fileRef = E13089AD2A69EDB600C1889D /* Main.storyboard */; };
		E13089B12A69EDBB00C1889D /* Assets.xcassets in Resources */ = {isa = PBXBuildFile; fileRef = E13089B02A69EDBB00C1889D /* Assets.xcassets */; };
		E13089B42A69EDBB00C1889D /* LaunchScreen.storyboard in Resources */ = {isa = PBXBuildFile; fileRef = E13089B22A69EDBB00C1889D /* LaunchScreen.storyboard */; };
		E13089BC2A69EE7C00C1889D /* Auth.storyboard in Resources */ = {isa = PBXBuildFile; fileRef = E13089BB2A69EE7C00C1889D /* Auth.storyboard */; };
		E13089C22A69F02200C1889D /* Colors.xcassets in Resources */ = {isa = PBXBuildFile; fileRef = E13089C12A69F02200C1889D /* Colors.xcassets */; };
		E13089C42A69F24800C1889D /* Font.swift in Sources */ = {isa = PBXBuildFile; fileRef = E13089C32A69F24800C1889D /* Font.swift */; };
		E13089C62A69FBF400C1889D /* SignInViewController.swift in Sources */ = {isa = PBXBuildFile; fileRef = E13089C52A69FBF400C1889D /* SignInViewController.swift */; };
		E13089C82A69FC1700C1889D /* CreateAccountViewController.swift in Sources */ = {isa = PBXBuildFile; fileRef = E13089C72A69FC1700C1889D /* CreateAccountViewController.swift */; };
		E13089CA2A69FCD300C1889D /* HomeViewController.swift in Sources */ = {isa = PBXBuildFile; fileRef = E13089C92A69FCD300C1889D /* HomeViewController.swift */; };
		E18AB8182A79CAE1000CE06A /* CreateRoomViewController.swift in Sources */ = {isa = PBXBuildFile; fileRef = E18AB8172A79CAE1000CE06A /* CreateRoomViewController.swift */; };
		E18AB81B2A7A3CC5000CE06A /* RoomModel.swift in Sources */ = {isa = PBXBuildFile; fileRef = E18AB81A2A7A3CC5000CE06A /* RoomModel.swift */; };
		E18AB8412A7B2F41000CE06A /* UserModel.swift in Sources */ = {isa = PBXBuildFile; fileRef = E18AB8402A7B2F41000CE06A /* UserModel.swift */; };
		E1F5E6572A708814007915F7 /* LoadingView.xib in Resources */ = {isa = PBXBuildFile; fileRef = E1F5E6562A708814007915F7 /* LoadingView.xib */; };
		E1F5E6592A708830007915F7 /* LoadingView.swift in Sources */ = {isa = PBXBuildFile; fileRef = E1F5E6582A708830007915F7 /* LoadingView.swift */; };
		E1F5E65B2A70A311007915F7 /* ProfileViewController.swift in Sources */ = {isa = PBXBuildFile; fileRef = E1F5E65A2A70A311007915F7 /* ProfileViewController.swift */; };
/* End PBXBuildFile section */

/* Begin PBXFileReference section */
		E11EE2F62A7489AB004D43F4 /* UploadViewController.swift */ = {isa = PBXFileReference; lastKnownFileType = sourcecode.swift; path = UploadViewController.swift; sourceTree = "<group>"; };
		E12D57D62A6B3FD600D556EF /* PrimaryButton.swift */ = {isa = PBXFileReference; lastKnownFileType = sourcecode.swift; path = PrimaryButton.swift; sourceTree = "<group>"; };
		E12D57D82A6C055200D556EF /* GoogleService-Info.plist */ = {isa = PBXFileReference; fileEncoding = 4; lastKnownFileType = text.plist.xml; path = "GoogleService-Info.plist"; sourceTree = "<group>"; };
		E12D58032A6CAE6700D556EF /* Extension+UIColor.swift */ = {isa = PBXFileReference; lastKnownFileType = sourcecode.swift; path = "Extension+UIColor.swift"; sourceTree = "<group>"; };
		E12D58242A6E74EE00D556EF /* Extension+UIViewController.swift */ = {isa = PBXFileReference; lastKnownFileType = sourcecode.swift; path = "Extension+UIViewController.swift"; sourceTree = "<group>"; };
		E13089A42A69EDB600C1889D /* ChatApp.app */ = {isa = PBXFileReference; explicitFileType = wrapper.application; includeInIndex = 0; path = ChatApp.app; sourceTree = BUILT_PRODUCTS_DIR; };
		E13089A72A69EDB600C1889D /* AppDelegate.swift */ = {isa = PBXFileReference; lastKnownFileType = sourcecode.swift; path = AppDelegate.swift; sourceTree = "<group>"; };
		E13089A92A69EDB600C1889D /* SceneDelegate.swift */ = {isa = PBXFileReference; lastKnownFileType = sourcecode.swift; path = SceneDelegate.swift; sourceTree = "<group>"; };
		E13089AE2A69EDB600C1889D /* Base */ = {isa = PBXFileReference; lastKnownFileType = file.storyboard; name = Base; path = Base.lproj/Main.storyboard; sourceTree = "<group>"; };
		E13089B02A69EDBB00C1889D /* Assets.xcassets */ = {isa = PBXFileReference; lastKnownFileType = folder.assetcatalog; path = Assets.xcassets; sourceTree = "<group>"; };
		E13089B32A69EDBB00C1889D /* Base */ = {isa = PBXFileReference; lastKnownFileType = file.storyboard; name = Base; path = Base.lproj/LaunchScreen.storyboard; sourceTree = "<group>"; };
		E13089B52A69EDBB00C1889D /* Info.plist */ = {isa = PBXFileReference; lastKnownFileType = text.plist.xml; path = Info.plist; sourceTree = "<group>"; };
		E13089BB2A69EE7C00C1889D /* Auth.storyboard */ = {isa = PBXFileReference; lastKnownFileType = file.storyboard; path = Auth.storyboard; sourceTree = "<group>"; };
		E13089C12A69F02200C1889D /* Colors.xcassets */ = {isa = PBXFileReference; lastKnownFileType = folder.assetcatalog; path = Colors.xcassets; sourceTree = "<group>"; };
		E13089C32A69F24800C1889D /* Font.swift */ = {isa = PBXFileReference; lastKnownFileType = sourcecode.swift; path = Font.swift; sourceTree = "<group>"; };
		E13089C52A69FBF400C1889D /* SignInViewController.swift */ = {isa = PBXFileReference; lastKnownFileType = sourcecode.swift; path = SignInViewController.swift; sourceTree = "<group>"; };
		E13089C72A69FC1700C1889D /* CreateAccountViewController.swift */ = {isa = PBXFileReference; lastKnownFileType = sourcecode.swift; path = CreateAccountViewController.swift; sourceTree = "<group>"; };
		E13089C92A69FCD300C1889D /* HomeViewController.swift */ = {isa = PBXFileReference; lastKnownFileType = sourcecode.swift; path = HomeViewController.swift; sourceTree = "<group>"; };
		E18AB8172A79CAE1000CE06A /* CreateRoomViewController.swift */ = {isa = PBXFileReference; lastKnownFileType = sourcecode.swift; path = CreateRoomViewController.swift; sourceTree = "<group>"; };
		E18AB81A2A7A3CC5000CE06A /* RoomModel.swift */ = {isa = PBXFileReference; lastKnownFileType = sourcecode.swift; path = RoomModel.swift; sourceTree = "<group>"; };
		E18AB8402A7B2F41000CE06A /* UserModel.swift */ = {isa = PBXFileReference; lastKnownFileType = sourcecode.swift; path = UserModel.swift; sourceTree = "<group>"; };
		E1F5E6562A708814007915F7 /* LoadingView.xib */ = {isa = PBXFileReference; lastKnownFileType = file.xib; path = LoadingView.xib; sourceTree = "<group>"; };
		E1F5E6582A708830007915F7 /* LoadingView.swift */ = {isa = PBXFileReference; lastKnownFileType = sourcecode.swift; path = LoadingView.swift; sourceTree = "<group>"; };
		E1F5E65A2A70A311007915F7 /* ProfileViewController.swift */ = {isa = PBXFileReference; lastKnownFileType = sourcecode.swift; path = ProfileViewController.swift; sourceTree = "<group>"; };
/* End PBXFileReference section */

/* Begin PBXFrameworksBuildPhase section */
		E13089A12A69EDB600C1889D /* Frameworks */ = {
			isa = PBXFrameworksBuildPhase;
			buildActionMask = 2147483647;
			files = (
				E12D57E02A6C061200D556EF /* FirebaseMessaging in Frameworks */,
				E12D57E22A6C061200D556EF /* FirebaseStorage in Frameworks */,
				E12D57DE2A6C061200D556EF /* FirebaseDatabase in Frameworks */,
				E12D57DC2A6C061200D556EF /* FirebaseAuth in Frameworks */,
				E11EE2FA2A75E8D3004D43F4 /* SDWebImage in Frameworks */,
			);
			runOnlyForDeploymentPostprocessing = 0;
		};
/* End PBXFrameworksBuildPhase section */

/* Begin PBXGroup section */
		E12D58232A6E74D000D556EF /* Extensions */ = {
			isa = PBXGroup;
			children = (
				E12D58242A6E74EE00D556EF /* Extension+UIViewController.swift */,
			);
			path = Extensions;
			sourceTree = "<group>";
		};
		E130899B2A69EDB600C1889D = {
			isa = PBXGroup;
			children = (
				E13089A62A69EDB600C1889D /* ChatApp */,
				E13089A52A69EDB600C1889D /* Products */,
			);
			sourceTree = "<group>";
		};
		E13089A52A69EDB600C1889D /* Products */ = {
			isa = PBXGroup;
			children = (
				E13089A42A69EDB600C1889D /* ChatApp.app */,
			);
			name = Products;
			sourceTree = "<group>";
		};
		E13089A62A69EDB600C1889D /* ChatApp */ = {
			isa = PBXGroup;
			children = (
				E18AB8192A7A3CAD000CE06A /* Models */,
				E12D58232A6E74D000D556EF /* Extensions */,
				E13089CB2A69FFEF00C1889D /* Design */,
				E13089C02A69F00D00C1889D /* Storyboards */,
				E13089BE2A69EEC500C1889D /* ViewControllers */,
				E13089A72A69EDB600C1889D /* AppDelegate.swift */,
				E13089A92A69EDB600C1889D /* SceneDelegate.swift */,
				E13089B02A69EDBB00C1889D /* Assets.xcassets */,
				E13089B22A69EDBB00C1889D /* LaunchScreen.storyboard */,
				E13089B52A69EDBB00C1889D /* Info.plist */,
				E12D57D82A6C055200D556EF /* GoogleService-Info.plist */,
			);
			path = ChatApp;
			sourceTree = "<group>";
		};
		E13089BE2A69EEC500C1889D /* ViewControllers */ = {
			isa = PBXGroup;
			children = (
				E13089C52A69FBF400C1889D /* SignInViewController.swift */,
				E13089C72A69FC1700C1889D /* CreateAccountViewController.swift */,
				E13089C92A69FCD300C1889D /* HomeViewController.swift */,
				E1F5E65A2A70A311007915F7 /* ProfileViewController.swift */,
				E11EE2F62A7489AB004D43F4 /* UploadViewController.swift */,
				E18AB8172A79CAE1000CE06A /* CreateRoomViewController.swift */,
			);
			path = ViewControllers;
			sourceTree = "<group>";
		};
		E13089C02A69F00D00C1889D /* Storyboards */ = {
			isa = PBXGroup;
			children = (
				E13089BB2A69EE7C00C1889D /* Auth.storyboard */,
				E13089AD2A69EDB600C1889D /* Main.storyboard */,
			);
			path = Storyboards;
			sourceTree = "<group>";
		};
		E13089CB2A69FFEF00C1889D /* Design */ = {
			isa = PBXGroup;
			children = (
				E1F5E6552A7087FE007915F7 /* Components */,
				E13089C32A69F24800C1889D /* Font.swift */,
				E13089C12A69F02200C1889D /* Colors.xcassets */,
				E12D58032A6CAE6700D556EF /* Extension+UIColor.swift */,
			);
			path = Design;
			sourceTree = "<group>";
		};
		E18AB8192A7A3CAD000CE06A /* Models */ = {
			isa = PBXGroup;
			children = (
				E18AB81A2A7A3CC5000CE06A /* RoomModel.swift */,
				E18AB8402A7B2F41000CE06A /* UserModel.swift */,
			);
			path = Models;
			sourceTree = "<group>";
		};
		E1F5E6552A7087FE007915F7 /* Components */ = {
			isa = PBXGroup;
			children = (
				E12D57D62A6B3FD600D556EF /* PrimaryButton.swift */,
				E1F5E6562A708814007915F7 /* LoadingView.xib */,
				E1F5E6582A708830007915F7 /* LoadingView.swift */,
			);
			path = Components;
			sourceTree = "<group>";
		};
/* End PBXGroup section */

/* Begin PBXNativeTarget section */
		E13089A32A69EDB600C1889D /* ChatApp */ = {
			isa = PBXNativeTarget;
			buildConfigurationList = E13089B82A69EDBB00C1889D /* Build configuration list for PBXNativeTarget "ChatApp" */;
			buildPhases = (
				E13089A02A69EDB600C1889D /* Sources */,
				E13089A12A69EDB600C1889D /* Frameworks */,
				E13089A22A69EDB600C1889D /* Resources */,
			);
			buildRules = (
			);
			dependencies = (
			);
			name = ChatApp;
			packageProductDependencies = (
				E12D57DB2A6C061200D556EF /* FirebaseAuth */,
				E12D57DD2A6C061200D556EF /* FirebaseDatabase */,
				E12D57DF2A6C061200D556EF /* FirebaseMessaging */,
				E12D57E12A6C061200D556EF /* FirebaseStorage */,
				E11EE2F92A75E8D3004D43F4 /* SDWebImage */,
			);
			productName = ChatApp;
			productReference = E13089A42A69EDB600C1889D /* ChatApp.app */;
			productType = "com.apple.product-type.application";
		};
/* End PBXNativeTarget section */

/* Begin PBXProject section */
		E130899C2A69EDB600C1889D /* Project object */ = {
			isa = PBXProject;
			attributes = {
				BuildIndependentTargetsInParallel = 1;
				LastSwiftUpdateCheck = 1430;
				LastUpgradeCheck = 1430;
				TargetAttributes = {
					E13089A32A69EDB600C1889D = {
						CreatedOnToolsVersion = 14.3;
					};
				};
			};
			buildConfigurationList = E130899F2A69EDB600C1889D /* Build configuration list for PBXProject "ChatApp" */;
			compatibilityVersion = "Xcode 14.0";
			developmentRegion = en;
			hasScannedForEncodings = 0;
			knownRegions = (
				en,
				Base,
			);
			mainGroup = E130899B2A69EDB600C1889D;
			packageReferences = (
				E12D57DA2A6C061200D556EF /* XCRemoteSwiftPackageReference "firebase-ios-sdk" */,
				E11EE2F82A75E8D3004D43F4 /* XCRemoteSwiftPackageReference "SDWebImage" */,
			);
			productRefGroup = E13089A52A69EDB600C1889D /* Products */;
			projectDirPath = "";
			projectRoot = "";
			targets = (
				E13089A32A69EDB600C1889D /* ChatApp */,
			);
		};
/* End PBXProject section */

/* Begin PBXResourcesBuildPhase section */
		E13089A22A69EDB600C1889D /* Resources */ = {
			isa = PBXResourcesBuildPhase;
			buildActionMask = 2147483647;
			files = (
				E13089C22A69F02200C1889D /* Colors.xcassets in Resources */,
				E13089BC2A69EE7C00C1889D /* Auth.storyboard in Resources */,
				E13089B42A69EDBB00C1889D /* LaunchScreen.storyboard in Resources */,
				E13089B12A69EDBB00C1889D /* Assets.xcassets in Resources */,
				E1F5E6572A708814007915F7 /* LoadingView.xib in Resources */,
				E13089AF2A69EDB600C1889D /* Main.storyboard in Resources */,
				E12D57D92A6C055200D556EF /* GoogleService-Info.plist in Resources */,
			);
			runOnlyForDeploymentPostprocessing = 0;
		};
/* End PBXResourcesBuildPhase section */

/* Begin PBXSourcesBuildPhase section */
		E13089A02A69EDB600C1889D /* Sources */ = {
			isa = PBXSourcesBuildPhase;
			buildActionMask = 2147483647;
			files = (
				E18AB81B2A7A3CC5000CE06A /* RoomModel.swift in Sources */,
				E13089C82A69FC1700C1889D /* CreateAccountViewController.swift in Sources */,
				E11EE2F72A7489AB004D43F4 /* UploadViewController.swift in Sources */,
				E13089C42A69F24800C1889D /* Font.swift in Sources */,
				E18AB8182A79CAE1000CE06A /* CreateRoomViewController.swift in Sources */,
				E13089A82A69EDB600C1889D /* AppDelegate.swift in Sources */,
				E1F5E6592A708830007915F7 /* LoadingView.swift in Sources */,
				E13089C62A69FBF400C1889D /* SignInViewController.swift in Sources */,
				E12D57D72A6B3FD600D556EF /* PrimaryButton.swift in Sources */,
				E1F5E65B2A70A311007915F7 /* ProfileViewController.swift in Sources */,
				E12D58252A6E74EE00D556EF /* Extension+UIViewController.swift in Sources */,
				E13089CA2A69FCD300C1889D /* HomeViewController.swift in Sources */,
				E13089AA2A69EDB600C1889D /* SceneDelegate.swift in Sources */,
				E18AB8412A7B2F41000CE06A /* UserModel.swift in Sources */,
				E12D58042A6CAE6700D556EF /* Extension+UIColor.swift in Sources */,
			);
			runOnlyForDeploymentPostprocessing = 0;
		};
/* End PBXSourcesBuildPhase section */

/* Begin PBXVariantGroup section */
		E13089AD2A69EDB600C1889D /* Main.storyboard */ = {
			isa = PBXVariantGroup;
			children = (
				E13089AE2A69EDB600C1889D /* Base */,
			);
			name = Main.storyboard;
			sourceTree = "<group>";
		};
		E13089B22A69EDBB00C1889D /* LaunchScreen.storyboard */ = {
			isa = PBXVariantGroup;
			children = (
				E13089B32A69EDBB00C1889D /* Base */,
			);
			name = LaunchScreen.storyboard;
			sourceTree = "<group>";
		};
/* End PBXVariantGroup section */

/* Begin XCBuildConfiguration section */
		E13089B62A69EDBB00C1889D /* Debug */ = {
			isa = XCBuildConfiguration;
			buildSettings = {
				ALWAYS_SEARCH_USER_PATHS = NO;
				CLANG_ANALYZER_NONNULL = YES;
				CLANG_ANALYZER_NUMBER_OBJECT_CONVERSION = YES_AGGRESSIVE;
				CLANG_CXX_LANGUAGE_STANDARD = "gnu++20";
				CLANG_ENABLE_MODULES = YES;
				CLANG_ENABLE_OBJC_ARC = YES;
				CLANG_ENABLE_OBJC_WEAK = YES;
				CLANG_WARN_BLOCK_CAPTURE_AUTORELEASING = YES;
				CLANG_WARN_BOOL_CONVERSION = YES;
				CLANG_WARN_COMMA = YES;
				CLANG_WARN_CONSTANT_CONVERSION = YES;
				CLANG_WARN_DEPRECATED_OBJC_IMPLEMENTATIONS = YES;
				CLANG_WARN_DIRECT_OBJC_ISA_USAGE = YES_ERROR;
				CLANG_WARN_DOCUMENTATION_COMMENTS = YES;
				CLANG_WARN_EMPTY_BODY = YES;
				CLANG_WARN_ENUM_CONVERSION = YES;
				CLANG_WARN_INFINITE_RECURSION = YES;
				CLANG_WARN_INT_CONVERSION = YES;
				CLANG_WARN_NON_LITERAL_NULL_CONVERSION = YES;
				CLANG_WARN_OBJC_IMPLICIT_RETAIN_SELF = YES;
				CLANG_WARN_OBJC_LITERAL_CONVERSION = YES;
				CLANG_WARN_OBJC_ROOT_CLASS = YES_ERROR;
				CLANG_WARN_QUOTED_INCLUDE_IN_FRAMEWORK_HEADER = YES;
				CLANG_WARN_RANGE_LOOP_ANALYSIS = YES;
				CLANG_WARN_STRICT_PROTOTYPES = YES;
				CLANG_WARN_SUSPICIOUS_MOVE = YES;
				CLANG_WARN_UNGUARDED_AVAILABILITY = YES_AGGRESSIVE;
				CLANG_WARN_UNREACHABLE_CODE = YES;
				CLANG_WARN__DUPLICATE_METHOD_MATCH = YES;
				COPY_PHASE_STRIP = NO;
				DEBUG_INFORMATION_FORMAT = dwarf;
				ENABLE_STRICT_OBJC_MSGSEND = YES;
				ENABLE_TESTABILITY = YES;
				GCC_C_LANGUAGE_STANDARD = gnu11;
				GCC_DYNAMIC_NO_PIC = NO;
				GCC_NO_COMMON_BLOCKS = YES;
				GCC_OPTIMIZATION_LEVEL = 0;
				GCC_PREPROCESSOR_DEFINITIONS = (
					"DEBUG=1",
					"$(inherited)",
				);
				GCC_WARN_64_TO_32_BIT_CONVERSION = YES;
				GCC_WARN_ABOUT_RETURN_TYPE = YES_ERROR;
				GCC_WARN_UNDECLARED_SELECTOR = YES;
				GCC_WARN_UNINITIALIZED_AUTOS = YES_AGGRESSIVE;
				GCC_WARN_UNUSED_FUNCTION = YES;
				GCC_WARN_UNUSED_VARIABLE = YES;
				IPHONEOS_DEPLOYMENT_TARGET = 16.4;
				MTL_ENABLE_DEBUG_INFO = INCLUDE_SOURCE;
				MTL_FAST_MATH = YES;
				ONLY_ACTIVE_ARCH = YES;
				SDKROOT = iphoneos;
				SWIFT_ACTIVE_COMPILATION_CONDITIONS = DEBUG;
				SWIFT_OPTIMIZATION_LEVEL = "-Onone";
			};
			name = Debug;
		};
		E13089B72A69EDBB00C1889D /* Release */ = {
			isa = XCBuildConfiguration;
			buildSettings = {
				ALWAYS_SEARCH_USER_PATHS = NO;
				CLANG_ANALYZER_NONNULL = YES;
				CLANG_ANALYZER_NUMBER_OBJECT_CONVERSION = YES_AGGRESSIVE;
				CLANG_CXX_LANGUAGE_STANDARD = "gnu++20";
				CLANG_ENABLE_MODULES = YES;
				CLANG_ENABLE_OBJC_ARC = YES;
				CLANG_ENABLE_OBJC_WEAK = YES;
				CLANG_WARN_BLOCK_CAPTURE_AUTORELEASING = YES;
				CLANG_WARN_BOOL_CONVERSION = YES;
				CLANG_WARN_COMMA = YES;
				CLANG_WARN_CONSTANT_CONVERSION = YES;
				CLANG_WARN_DEPRECATED_OBJC_IMPLEMENTATIONS = YES;
				CLANG_WARN_DIRECT_OBJC_ISA_USAGE = YES_ERROR;
				CLANG_WARN_DOCUMENTATION_COMMENTS = YES;
				CLANG_WARN_EMPTY_BODY = YES;
				CLANG_WARN_ENUM_CONVERSION = YES;
				CLANG_WARN_INFINITE_RECURSION = YES;
				CLANG_WARN_INT_CONVERSION = YES;
				CLANG_WARN_NON_LITERAL_NULL_CONVERSION = YES;
				CLANG_WARN_OBJC_IMPLICIT_RETAIN_SELF = YES;
				CLANG_WARN_OBJC_LITERAL_CONVERSION = YES;
				CLANG_WARN_OBJC_ROOT_CLASS = YES_ERROR;
				CLANG_WARN_QUOTED_INCLUDE_IN_FRAMEWORK_HEADER = YES;
				CLANG_WARN_RANGE_LOOP_ANALYSIS = YES;
				CLANG_WARN_STRICT_PROTOTYPES = YES;
				CLANG_WARN_SUSPICIOUS_MOVE = YES;
				CLANG_WARN_UNGUARDED_AVAILABILITY = YES_AGGRESSIVE;
				CLANG_WARN_UNREACHABLE_CODE = YES;
				CLANG_WARN__DUPLICATE_METHOD_MATCH = YES;
				COPY_PHASE_STRIP = NO;
				DEBUG_INFORMATION_FORMAT = "dwarf-with-dsym";
				ENABLE_NS_ASSERTIONS = NO;
				ENABLE_STRICT_OBJC_MSGSEND = YES;
				GCC_C_LANGUAGE_STANDARD = gnu11;
				GCC_NO_COMMON_BLOCKS = YES;
				GCC_WARN_64_TO_32_BIT_CONVERSION = YES;
				GCC_WARN_ABOUT_RETURN_TYPE = YES_ERROR;
				GCC_WARN_UNDECLARED_SELECTOR = YES;
				GCC_WARN_UNINITIALIZED_AUTOS = YES_AGGRESSIVE;
				GCC_WARN_UNUSED_FUNCTION = YES;
				GCC_WARN_UNUSED_VARIABLE = YES;
				IPHONEOS_DEPLOYMENT_TARGET = 16.4;
				MTL_ENABLE_DEBUG_INFO = NO;
				MTL_FAST_MATH = YES;
				SDKROOT = iphoneos;
				SWIFT_COMPILATION_MODE = wholemodule;
				SWIFT_OPTIMIZATION_LEVEL = "-O";
				VALIDATE_PRODUCT = YES;
			};
			name = Release;
		};
		E13089B92A69EDBB00C1889D /* Debug */ = {
			isa = XCBuildConfiguration;
			buildSettings = {
				ASSETCATALOG_COMPILER_APPICON_NAME = AppIcon;
				ASSETCATALOG_COMPILER_GLOBAL_ACCENT_COLOR_NAME = AccentColor;
				CODE_SIGN_STYLE = Automatic;
				CURRENT_PROJECT_VERSION = 1;
				DEVELOPMENT_TEAM = W85GJYFB35;
				GENERATE_INFOPLIST_FILE = YES;
				INFOPLIST_FILE = ChatApp/Info.plist;
				INFOPLIST_KEY_UIApplicationSupportsIndirectInputEvents = YES;
				INFOPLIST_KEY_UILaunchStoryboardName = LaunchScreen;
				INFOPLIST_KEY_UIMainStoryboardFile = Main;
				INFOPLIST_KEY_UISupportedInterfaceOrientations = UIInterfaceOrientationPortrait;
				INFOPLIST_KEY_UISupportedInterfaceOrientations_iPad = "UIInterfaceOrientationLandscapeLeft UIInterfaceOrientationLandscapeRight UIInterfaceOrientationPortrait UIInterfaceOrientationPortraitUpsideDown";
				LD_RUNPATH_SEARCH_PATHS = (
					"$(inherited)",
					"@executable_path/Frameworks",
				);
				MARKETING_VERSION = 1.0;
				PRODUCT_BUNDLE_IDENTIFIER = com.fullstacktuts.ChatApp;
				PRODUCT_NAME = "$(TARGET_NAME)";
				SUPPORTED_PLATFORMS = "iphoneos iphonesimulator";
				SUPPORTS_MACCATALYST = NO;
				SUPPORTS_MAC_DESIGNED_FOR_IPHONE_IPAD = NO;
				SWIFT_EMIT_LOC_STRINGS = YES;
				SWIFT_VERSION = 5.0;
				TARGETED_DEVICE_FAMILY = 1;
			};
			name = Debug;
		};
		E13089BA2A69EDBB00C1889D /* Release */ = {
			isa = XCBuildConfiguration;
			buildSettings = {
				ASSETCATALOG_COMPILER_APPICON_NAME = AppIcon;
				ASSETCATALOG_COMPILER_GLOBAL_ACCENT_COLOR_NAME = AccentColor;
				CODE_SIGN_STYLE = Automatic;
				CURRENT_PROJECT_VERSION = 1;
				DEVELOPMENT_TEAM = W85GJYFB35;
				GENERATE_INFOPLIST_FILE = YES;
				INFOPLIST_FILE = ChatApp/Info.plist;
				INFOPLIST_KEY_UIApplicationSupportsIndirectInputEvents = YES;
				INFOPLIST_KEY_UILaunchStoryboardName = LaunchScreen;
				INFOPLIST_KEY_UIMainStoryboardFile = Main;
				INFOPLIST_KEY_UISupportedInterfaceOrientations = UIInterfaceOrientationPortrait;
				INFOPLIST_KEY_UISupportedInterfaceOrientations_iPad = "UIInterfaceOrientationLandscapeLeft UIInterfaceOrientationLandscapeRight UIInterfaceOrientationPortrait UIInterfaceOrientationPortraitUpsideDown";
				LD_RUNPATH_SEARCH_PATHS = (
					"$(inherited)",
					"@executable_path/Frameworks",
				);
				MARKETING_VERSION = 1.0;
				PRODUCT_BUNDLE_IDENTIFIER = com.fullstacktuts.ChatApp;
				PRODUCT_NAME = "$(TARGET_NAME)";
				SUPPORTED_PLATFORMS = "iphoneos iphonesimulator";
				SUPPORTS_MACCATALYST = NO;
				SUPPORTS_MAC_DESIGNED_FOR_IPHONE_IPAD = NO;
				SWIFT_EMIT_LOC_STRINGS = YES;
				SWIFT_VERSION = 5.0;
				TARGETED_DEVICE_FAMILY = 1;
			};
			name = Release;
		};
/* End XCBuildConfiguration section */

/* Begin XCConfigurationList section */
		E130899F2A69EDB600C1889D /* Build configuration list for PBXProject "ChatApp" */ = {
			isa = XCConfigurationList;
			buildConfigurations = (
				E13089B62A69EDBB00C1889D /* Debug */,
				E13089B72A69EDBB00C1889D /* Release */,
			);
			defaultConfigurationIsVisible = 0;
			defaultConfigurationName = Release;
		};
		E13089B82A69EDBB00C1889D /* Build configuration list for PBXNativeTarget "ChatApp" */ = {
			isa = XCConfigurationList;
			buildConfigurations = (
				E13089B92A69EDBB00C1889D /* Debug */,
				E13089BA2A69EDBB00C1889D /* Release */,
			);
			defaultConfigurationIsVisible = 0;
			defaultConfigurationName = Release;
		};
/* End XCConfigurationList section */

/* Begin XCRemoteSwiftPackageReference section */
		E11EE2F82A75E8D3004D43F4 /* XCRemoteSwiftPackageReference "SDWebImage" */ = {
			isa = XCRemoteSwiftPackageReference;
			repositoryURL = "https://github.com/SDWebImage/SDWebImage";
			requirement = {
				kind = upToNextMajorVersion;
				minimumVersion = 5.0.0;
			};
		};
		E12D57DA2A6C061200D556EF /* XCRemoteSwiftPackageReference "firebase-ios-sdk" */ = {
			isa = XCRemoteSwiftPackageReference;
			repositoryURL = "https://github.com/firebase/firebase-ios-sdk";
			requirement = {
				kind = upToNextMajorVersion;
				minimumVersion = 10.0.0;
			};
		};
/* End XCRemoteSwiftPackageReference section */

/* Begin XCSwiftPackageProductDependency section */
		E11EE2F92A75E8D3004D43F4 /* SDWebImage */ = {
			isa = XCSwiftPackageProductDependency;
			package = E11EE2F82A75E8D3004D43F4 /* XCRemoteSwiftPackageReference "SDWebImage" */;
			productName = SDWebImage;
		};
		E12D57DB2A6C061200D556EF /* FirebaseAuth */ = {
			isa = XCSwiftPackageProductDependency;
			package = E12D57DA2A6C061200D556EF /* XCRemoteSwiftPackageReference "firebase-ios-sdk" */;
			productName = FirebaseAuth;
		};
		E12D57DD2A6C061200D556EF /* FirebaseDatabase */ = {
			isa = XCSwiftPackageProductDependency;
			package = E12D57DA2A6C061200D556EF /* XCRemoteSwiftPackageReference "firebase-ios-sdk" */;
			productName = FirebaseDatabase;
		};
		E12D57DF2A6C061200D556EF /* FirebaseMessaging */ = {
			isa = XCSwiftPackageProductDependency;
			package = E12D57DA2A6C061200D556EF /* XCRemoteSwiftPackageReference "firebase-ios-sdk" */;
			productName = FirebaseMessaging;
		};
		E12D57E12A6C061200D556EF /* FirebaseStorage */ = {
			isa = XCSwiftPackageProductDependency;
			package = E12D57DA2A6C061200D556EF /* XCRemoteSwiftPackageReference "firebase-ios-sdk" */;
			productName = FirebaseStorage;
		};
/* End XCSwiftPackageProductDependency section */
	};
	rootObject = E130899C2A69EDB600C1889D /* Project object */;
}
